// !$*UTF8*$!
{
	archiveVersion = 1;
	classes = {
	};
	objectVersion = 51;
	objects = {

/* Begin PBXBuildFile section */
		5D6B6F0E257A539A00161EAF /* BitcoinCoreErrors.swift in Sources */ = {isa = PBXBuildFile; fileRef = 5D6B6E53257A539900161EAF /* BitcoinCoreErrors.swift */; };
		5D6B6F0F257A539A00161EAF /* Bip.swift in Sources */ = {isa = PBXBuildFile; fileRef = 5D6B6E54257A539900161EAF /* Bip.swift */; };
		5D6B6F12257A539A00161EAF /* BitcoinCoreBuilder.swift in Sources */ = {isa = PBXBuildFile; fileRef = 5D6B6E57257A539900161EAF /* BitcoinCoreBuilder.swift */; };
		5D6B6F14257A539A00161EAF /* BitcoinCore.swift in Sources */ = {isa = PBXBuildFile; fileRef = 5D6B6E59257A539900161EAF /* BitcoinCore.swift */; };
		5D6B6F15257A539A00161EAF /* Protocols.swift in Sources */ = {isa = PBXBuildFile; fileRef = 5D6B6E5A257A539900161EAF /* Protocols.swift */; };
		5D6B6F16257A539A00161EAF /* RestoreKeyConverter.swift in Sources */ = {isa = PBXBuildFile; fileRef = 5D6B6E5B257A539900161EAF /* RestoreKeyConverter.swift */; };
		5D6B6F1F257A539A00161EAF /* UnspentOutputSelectorSingleNoChange.swift in Sources */ = {isa = PBXBuildFile; fileRef = 5D6B6E65257A539900161EAF /* UnspentOutputSelectorSingleNoChange.swift */; };
		5D6B6F23257A539A00161EAF /* UnspentOutputSelector.swift in Sources */ = {isa = PBXBuildFile; fileRef = 5D6B6E69257A539900161EAF /* UnspentOutputSelector.swift */; };
		5D6B6F26257A539A00161EAF /* PluginManager.swift in Sources */ = {isa = PBXBuildFile; fileRef = 5D6B6E6C257A539900161EAF /* PluginManager.swift */; };
		5D6B6F53257A539A00161EAF /* VarInt.swift in Sources */ = {isa = PBXBuildFile; fileRef = 5D6B6EA0257A539900161EAF /* VarInt.swift */; };
		5D6B6F54257A539A00161EAF /* ByteStream.swift in Sources */ = {isa = PBXBuildFile; fileRef = 5D6B6EA1257A539900161EAF /* ByteStream.swift */; };
		5D6B6F56257A539A00161EAF /* VarString.swift in Sources */ = {isa = PBXBuildFile; fileRef = 5D6B6EA3257A539900161EAF /* VarString.swift */; };
		5D6B6F59257A539A00161EAF /* BitcoinPaymentData.swift in Sources */ = {isa = PBXBuildFile; fileRef = 5D6B6EA7257A539900161EAF /* BitcoinPaymentData.swift */; };
		5D6B6F5B257A539A00161EAF /* PublicKey.swift in Sources */ = {isa = PBXBuildFile; fileRef = 5D6B6EA9257A539900161EAF /* PublicKey.swift */; };
		5D6B6F5C257A539A00161EAF /* Address.swift in Sources */ = {isa = PBXBuildFile; fileRef = 5D6B6EAA257A539900161EAF /* Address.swift */; };
		5D6B6F5D257A539A00161EAF /* DataObjects.swift in Sources */ = {isa = PBXBuildFile; fileRef = 5D6B6EAB257A539900161EAF /* DataObjects.swift */; };
		5D6B6F5E257A539A00161EAF /* SigHashType.swift in Sources */ = {isa = PBXBuildFile; fileRef = 5D6B6EAC257A539900161EAF /* SigHashType.swift */; };
		5D6B6F61257A539A00161EAF /* Output.swift in Sources */ = {isa = PBXBuildFile; fileRef = 5D6B6EAF257A539900161EAF /* Output.swift */; };
		5D6B6F65257A539A00161EAF /* Input.swift in Sources */ = {isa = PBXBuildFile; fileRef = 5D6B6EB3257A539900161EAF /* Input.swift */; };
		5D6B6F68257A539A00161EAF /* Transaction.swift in Sources */ = {isa = PBXBuildFile; fileRef = 5D6B6EB6257A539900161EAF /* Transaction.swift */; };
		5D6B6F6C257A539A00161EAF /* Array.swift in Sources */ = {isa = PBXBuildFile; fileRef = 5D6B6EBC257A539900161EAF /* Array.swift */; };
		5D6B6F6D257A539A00161EAF /* SynchronizedArray.swift in Sources */ = {isa = PBXBuildFile; fileRef = 5D6B6EBD257A539900161EAF /* SynchronizedArray.swift */; };
		5D6B6F6F257A539A00161EAF /* URLRequestConvertible.swift in Sources */ = {isa = PBXBuildFile; fileRef = 5D6B6EBF257A539900161EAF /* URLRequestConvertible.swift */; };
		5D6B6F79257A539A00161EAF /* TransactionSizeCalculator.swift in Sources */ = {isa = PBXBuildFile; fileRef = 5D6B6ECA257A539900161EAF /* TransactionSizeCalculator.swift */; };
		5D6B6F7A257A539A00161EAF /* TransactionFeeCalculator.swift in Sources */ = {isa = PBXBuildFile; fileRef = 5D6B6ECB257A539900161EAF /* TransactionFeeCalculator.swift */; };
		5D6B6F7B257A539A00161EAF /* TransactionCreator.swift in Sources */ = {isa = PBXBuildFile; fileRef = 5D6B6ECC257A539900161EAF /* TransactionCreator.swift */; };
		5D6B6F7C257A539A00161EAF /* Script.swift in Sources */ = {isa = PBXBuildFile; fileRef = 5D6B6ECE257A539900161EAF /* Script.swift */; };
		5D6B6F7D257A539A00161EAF /* Chunk.swift in Sources */ = {isa = PBXBuildFile; fileRef = 5D6B6ECF257A539900161EAF /* Chunk.swift */; };
		5D6B6F7E257A539A00161EAF /* ScriptConverter.swift in Sources */ = {isa = PBXBuildFile; fileRef = 5D6B6ED0257A539900161EAF /* ScriptConverter.swift */; };
		5D6B6F7F257A539A00161EAF /* TransactionOutputExtractor.swift in Sources */ = {isa = PBXBuildFile; fileRef = 5D6B6ED1257A539900161EAF /* TransactionOutputExtractor.swift */; };
		5D6B6F81257A539A00161EAF /* OpCode.swift in Sources */ = {isa = PBXBuildFile; fileRef = 5D6B6ED4257A539900161EAF /* OpCode.swift */; };
		5D6B6F82257A539A00161EAF /* DustCalculator.swift in Sources */ = {isa = PBXBuildFile; fileRef = 5D6B6ED6257A539900161EAF /* DustCalculator.swift */; };
		5D6B6F83257A539A00161EAF /* RecipientSetter.swift in Sources */ = {isa = PBXBuildFile; fileRef = 5D6B6ED7257A539900161EAF /* RecipientSetter.swift */; };
		5D6B6F84257A539A00161EAF /* MutableTransaction.swift in Sources */ = {isa = PBXBuildFile; fileRef = 5D6B6ED8257A539900161EAF /* MutableTransaction.swift */; };
		5D6B6F85257A539A00161EAF /* InputSigner.swift in Sources */ = {isa = PBXBuildFile; fileRef = 5D6B6ED9257A539900161EAF /* InputSigner.swift */; };
		5D6B6F87257A539A00161EAF /* OutputSetter.swift in Sources */ = {isa = PBXBuildFile; fileRef = 5D6B6EDB257A539900161EAF /* OutputSetter.swift */; };
		5D6B6F88257A539A00161EAF /* InputSetter.swift in Sources */ = {isa = PBXBuildFile; fileRef = 5D6B6EDC257A539900161EAF /* InputSetter.swift */; };
		5D6B6F89257A539A00161EAF /* TransactionBuilder.swift in Sources */ = {isa = PBXBuildFile; fileRef = 5D6B6EDD257A539900161EAF /* TransactionBuilder.swift */; };
		5D6B6F8A257A539A00161EAF /* TransactionSigner.swift in Sources */ = {isa = PBXBuildFile; fileRef = 5D6B6EDE257A539900161EAF /* TransactionSigner.swift */; };
		5D6B6F8D257A539A00161EAF /* TransactionSerializer.swift in Sources */ = {isa = PBXBuildFile; fileRef = 5D6B6EE2257A539900161EAF /* TransactionSerializer.swift */; };
		5D6B6F8E257A539A00161EAF /* TransactionInputSerializer.swift in Sources */ = {isa = PBXBuildFile; fileRef = 5D6B6EE3257A539900161EAF /* TransactionInputSerializer.swift */; };
		5D6B6F8F257A539A00161EAF /* DataListSerializer.swift in Sources */ = {isa = PBXBuildFile; fileRef = 5D6B6EE4257A539900161EAF /* DataListSerializer.swift */; };
		5D6B6F90257A539A00161EAF /* TransactionOutputSerializer.swift in Sources */ = {isa = PBXBuildFile; fileRef = 5D6B6EE5257A539900161EAF /* TransactionOutputSerializer.swift */; };
		5D6B6F91257A539A00161EAF /* SegWitBech32AddressConverter.swift in Sources */ = {isa = PBXBuildFile; fileRef = 5D6B6EE7257A539900161EAF /* SegWitBech32AddressConverter.swift */; };
		5D6B6F92257A539A00161EAF /* SegWitBech32.swift in Sources */ = {isa = PBXBuildFile; fileRef = 5D6B6EE8257A539A00161EAF /* SegWitBech32.swift */; };
		5D6B6F93257A539A00161EAF /* SegWitAddress.swift in Sources */ = {isa = PBXBuildFile; fileRef = 5D6B6EE9257A539A00161EAF /* SegWitAddress.swift */; };
		5D6B6F94257A539A00161EAF /* Bech32.swift in Sources */ = {isa = PBXBuildFile; fileRef = 5D6B6EEA257A539A00161EAF /* Bech32.swift */; };
		5D6B6F9A257A539A00161EAF /* Base58AddressConverter.swift in Sources */ = {isa = PBXBuildFile; fileRef = 5D6B6EF3257A539A00161EAF /* Base58AddressConverter.swift */; };
		5D6B6F9B257A539A00161EAF /* Helpers.swift in Sources */ = {isa = PBXBuildFile; fileRef = 5D6B6EF4257A539A00161EAF /* Helpers.swift */; };
		5D6B6F9C257A539A00161EAF /* TransactionDataSorters.swift in Sources */ = {isa = PBXBuildFile; fileRef = 5D6B6EF5257A539A00161EAF /* TransactionDataSorters.swift */; };
		5D6B6F9D257A539A00161EAF /* AddressConverterChain.swift in Sources */ = {isa = PBXBuildFile; fileRef = 5D6B6EF6257A539A00161EAF /* AddressConverterChain.swift */; };
		5D6B6F9E257A539A00161EAF /* Bip69.swift in Sources */ = {isa = PBXBuildFile; fileRef = 5D6B6EF7257A539A00161EAF /* Bip69.swift */; };
		5D6B6FA0257A539A00161EAF /* UnspentOutputSelectorChain.swift in Sources */ = {isa = PBXBuildFile; fileRef = 5D6B6EF9257A539A00161EAF /* UnspentOutputSelectorChain.swift */; };
		5D6B6FA2257A539A00161EAF /* PaymentAddressParser.swift in Sources */ = {isa = PBXBuildFile; fileRef = 5D6B6EFB257A539A00161EAF /* PaymentAddressParser.swift */; };
		5D6B6FA3257A539A00161EAF /* Serialization.swift in Sources */ = {isa = PBXBuildFile; fileRef = 5D6B6EFC257A539A00161EAF /* Serialization.swift */; };
		5D6B7008257A56C000161EAF /* MainNet.swift in Sources */ = {isa = PBXBuildFile; fileRef = 5D6B7005257A56C000161EAF /* MainNet.swift */; };
		5D6B7009257A56C000161EAF /* RegTest.swift in Sources */ = {isa = PBXBuildFile; fileRef = 5D6B7006257A56C000161EAF /* RegTest.swift */; };
		5D6B700A257A56C000161EAF /* TestNet.swift in Sources */ = {isa = PBXBuildFile; fileRef = 5D6B7007257A56C000161EAF /* TestNet.swift */; };
		5D6B701C257A62F300161EAF /* BitcoinManager.swift in Sources */ = {isa = PBXBuildFile; fileRef = 5D6B701B257A62F300161EAF /* BitcoinManager.swift */; };
		5D7453F3259A4C9D00A859C9 /* Factory.swift in Sources */ = {isa = PBXBuildFile; fileRef = 5D7453EA259A4C9D00A859C9 /* Factory.swift */; };
		5D74540D259A560900A859C9 /* TransactionDataSorterFactory.swift in Sources */ = {isa = PBXBuildFile; fileRef = 5D74540C259A560900A859C9 /* TransactionDataSorterFactory.swift */; };
		5D745423259A62B200A859C9 /* Data.swift in Sources */ = {isa = PBXBuildFile; fileRef = 5D49499F257C0319009A71F0 /* Data.swift */; };
		5D745426259A62CB00A859C9 /* String+.swift in Sources */ = {isa = PBXBuildFile; fileRef = 5D4949A3257C0319009A71F0 /* String+.swift */; };
		5D74542F259A630500A859C9 /* Purpose.swift in Sources */ = {isa = PBXBuildFile; fileRef = 5D6B7029257BFE3A00161EAF /* Purpose.swift */; };
		5DF1A59B2577A01500B83D20 /* BitcoinCore.framework in Frameworks */ = {isa = PBXBuildFile; fileRef = 5DF1A5912577A01400B83D20 /* BitcoinCore.framework */; };
		5DF1A5A02577A01500B83D20 /* BitcoinCoreTests.swift in Sources */ = {isa = PBXBuildFile; fileRef = 5DF1A59F2577A01500B83D20 /* BitcoinCoreTests.swift */; };
		5DF1A5A22577A01500B83D20 /* BitcoinCore.h in Headers */ = {isa = PBXBuildFile; fileRef = 5DF1A5942577A01400B83D20 /* BitcoinCore.h */; settings = {ATTRIBUTES = (Public, ); }; };
		A9B7BFA0488BA382BCBCAE3E /* Pods_BitcoinCore_BitcoinCoreTests.framework in Frameworks */ = {isa = PBXBuildFile; fileRef = 567D6CD61E7032D3AE03C7DA /* Pods_BitcoinCore_BitcoinCoreTests.framework */; };
		E7BB55606E3E11AE8892886C /* Pods_BitcoinCore.framework in Frameworks */ = {isa = PBXBuildFile; fileRef = 8345ED73DBA9F7848E2FBFE5 /* Pods_BitcoinCore.framework */; };
/* End PBXBuildFile section */

/* Begin PBXContainerItemProxy section */
		5DF1A59C2577A01500B83D20 /* PBXContainerItemProxy */ = {
			isa = PBXContainerItemProxy;
			containerPortal = 5DF1A5882577A01400B83D20 /* Project object */;
			proxyType = 1;
			remoteGlobalIDString = 5DF1A5902577A01400B83D20;
			remoteInfo = BitcoinCore;
		};
/* End PBXContainerItemProxy section */

/* Begin PBXFileReference section */
		127E7EA5482D77A6BE092BAF /* Pods-BitcoinCore.release.xcconfig */ = {isa = PBXFileReference; includeInIndex = 1; lastKnownFileType = text.xcconfig; name = "Pods-BitcoinCore.release.xcconfig"; path = "Target Support Files/Pods-BitcoinCore/Pods-BitcoinCore.release.xcconfig"; sourceTree = "<group>"; };
		567D6CD61E7032D3AE03C7DA /* Pods_BitcoinCore_BitcoinCoreTests.framework */ = {isa = PBXFileReference; explicitFileType = wrapper.framework; includeInIndex = 0; path = Pods_BitcoinCore_BitcoinCoreTests.framework; sourceTree = BUILT_PRODUCTS_DIR; };
		5AD6B5AD9A088847208B4146 /* Pods-BitcoinCore.debug.xcconfig */ = {isa = PBXFileReference; includeInIndex = 1; lastKnownFileType = text.xcconfig; name = "Pods-BitcoinCore.debug.xcconfig"; path = "Target Support Files/Pods-BitcoinCore/Pods-BitcoinCore.debug.xcconfig"; sourceTree = "<group>"; };
		5D49499F257C0319009A71F0 /* Data.swift */ = {isa = PBXFileReference; fileEncoding = 4; lastKnownFileType = sourcecode.swift; path = Data.swift; sourceTree = "<group>"; };
		5D4949A3257C0319009A71F0 /* String+.swift */ = {isa = PBXFileReference; fileEncoding = 4; lastKnownFileType = sourcecode.swift; path = "String+.swift"; sourceTree = "<group>"; };
		5D6B6E53257A539900161EAF /* BitcoinCoreErrors.swift */ = {isa = PBXFileReference; fileEncoding = 4; lastKnownFileType = sourcecode.swift; path = BitcoinCoreErrors.swift; sourceTree = "<group>"; };
		5D6B6E54257A539900161EAF /* Bip.swift */ = {isa = PBXFileReference; fileEncoding = 4; lastKnownFileType = sourcecode.swift; path = Bip.swift; sourceTree = "<group>"; };
		5D6B6E57257A539900161EAF /* BitcoinCoreBuilder.swift */ = {isa = PBXFileReference; fileEncoding = 4; lastKnownFileType = sourcecode.swift; path = BitcoinCoreBuilder.swift; sourceTree = "<group>"; };
		5D6B6E59257A539900161EAF /* BitcoinCore.swift */ = {isa = PBXFileReference; fileEncoding = 4; lastKnownFileType = sourcecode.swift; path = BitcoinCore.swift; sourceTree = "<group>"; };
		5D6B6E5A257A539900161EAF /* Protocols.swift */ = {isa = PBXFileReference; fileEncoding = 4; lastKnownFileType = sourcecode.swift; path = Protocols.swift; sourceTree = "<group>"; };
		5D6B6E5B257A539900161EAF /* RestoreKeyConverter.swift */ = {isa = PBXFileReference; fileEncoding = 4; lastKnownFileType = sourcecode.swift; path = RestoreKeyConverter.swift; sourceTree = "<group>"; };
		5D6B6E65257A539900161EAF /* UnspentOutputSelectorSingleNoChange.swift */ = {isa = PBXFileReference; fileEncoding = 4; lastKnownFileType = sourcecode.swift; path = UnspentOutputSelectorSingleNoChange.swift; sourceTree = "<group>"; };
		5D6B6E69257A539900161EAF /* UnspentOutputSelector.swift */ = {isa = PBXFileReference; fileEncoding = 4; lastKnownFileType = sourcecode.swift; path = UnspentOutputSelector.swift; sourceTree = "<group>"; };
		5D6B6E6C257A539900161EAF /* PluginManager.swift */ = {isa = PBXFileReference; fileEncoding = 4; lastKnownFileType = sourcecode.swift; path = PluginManager.swift; sourceTree = "<group>"; };
		5D6B6EA0257A539900161EAF /* VarInt.swift */ = {isa = PBXFileReference; fileEncoding = 4; lastKnownFileType = sourcecode.swift; path = VarInt.swift; sourceTree = "<group>"; };
		5D6B6EA1257A539900161EAF /* ByteStream.swift */ = {isa = PBXFileReference; fileEncoding = 4; lastKnownFileType = sourcecode.swift; path = ByteStream.swift; sourceTree = "<group>"; };
		5D6B6EA3257A539900161EAF /* VarString.swift */ = {isa = PBXFileReference; fileEncoding = 4; lastKnownFileType = sourcecode.swift; path = VarString.swift; sourceTree = "<group>"; };
		5D6B6EA7257A539900161EAF /* BitcoinPaymentData.swift */ = {isa = PBXFileReference; fileEncoding = 4; lastKnownFileType = sourcecode.swift; path = BitcoinPaymentData.swift; sourceTree = "<group>"; };
		5D6B6EA9257A539900161EAF /* PublicKey.swift */ = {isa = PBXFileReference; fileEncoding = 4; lastKnownFileType = sourcecode.swift; path = PublicKey.swift; sourceTree = "<group>"; };
		5D6B6EAA257A539900161EAF /* Address.swift */ = {isa = PBXFileReference; fileEncoding = 4; lastKnownFileType = sourcecode.swift; path = Address.swift; sourceTree = "<group>"; };
		5D6B6EAB257A539900161EAF /* DataObjects.swift */ = {isa = PBXFileReference; fileEncoding = 4; lastKnownFileType = sourcecode.swift; path = DataObjects.swift; sourceTree = "<group>"; };
		5D6B6EAC257A539900161EAF /* SigHashType.swift */ = {isa = PBXFileReference; fileEncoding = 4; lastKnownFileType = sourcecode.swift; path = SigHashType.swift; sourceTree = "<group>"; };
		5D6B6EAF257A539900161EAF /* Output.swift */ = {isa = PBXFileReference; fileEncoding = 4; lastKnownFileType = sourcecode.swift; path = Output.swift; sourceTree = "<group>"; };
		5D6B6EB3257A539900161EAF /* Input.swift */ = {isa = PBXFileReference; fileEncoding = 4; lastKnownFileType = sourcecode.swift; path = Input.swift; sourceTree = "<group>"; };
		5D6B6EB6257A539900161EAF /* Transaction.swift */ = {isa = PBXFileReference; fileEncoding = 4; lastKnownFileType = sourcecode.swift; path = Transaction.swift; sourceTree = "<group>"; };
		5D6B6EBC257A539900161EAF /* Array.swift */ = {isa = PBXFileReference; fileEncoding = 4; lastKnownFileType = sourcecode.swift; path = Array.swift; sourceTree = "<group>"; };
		5D6B6EBD257A539900161EAF /* SynchronizedArray.swift */ = {isa = PBXFileReference; fileEncoding = 4; lastKnownFileType = sourcecode.swift; path = SynchronizedArray.swift; sourceTree = "<group>"; };
		5D6B6EBF257A539900161EAF /* URLRequestConvertible.swift */ = {isa = PBXFileReference; fileEncoding = 4; lastKnownFileType = sourcecode.swift; path = URLRequestConvertible.swift; sourceTree = "<group>"; };
		5D6B6ECA257A539900161EAF /* TransactionSizeCalculator.swift */ = {isa = PBXFileReference; fileEncoding = 4; lastKnownFileType = sourcecode.swift; path = TransactionSizeCalculator.swift; sourceTree = "<group>"; };
		5D6B6ECB257A539900161EAF /* TransactionFeeCalculator.swift */ = {isa = PBXFileReference; fileEncoding = 4; lastKnownFileType = sourcecode.swift; path = TransactionFeeCalculator.swift; sourceTree = "<group>"; };
		5D6B6ECC257A539900161EAF /* TransactionCreator.swift */ = {isa = PBXFileReference; fileEncoding = 4; lastKnownFileType = sourcecode.swift; path = TransactionCreator.swift; sourceTree = "<group>"; };
		5D6B6ECE257A539900161EAF /* Script.swift */ = {isa = PBXFileReference; fileEncoding = 4; lastKnownFileType = sourcecode.swift; path = Script.swift; sourceTree = "<group>"; };
		5D6B6ECF257A539900161EAF /* Chunk.swift */ = {isa = PBXFileReference; fileEncoding = 4; lastKnownFileType = sourcecode.swift; path = Chunk.swift; sourceTree = "<group>"; };
		5D6B6ED0257A539900161EAF /* ScriptConverter.swift */ = {isa = PBXFileReference; fileEncoding = 4; lastKnownFileType = sourcecode.swift; path = ScriptConverter.swift; sourceTree = "<group>"; };
		5D6B6ED1257A539900161EAF /* TransactionOutputExtractor.swift */ = {isa = PBXFileReference; fileEncoding = 4; lastKnownFileType = sourcecode.swift; path = TransactionOutputExtractor.swift; sourceTree = "<group>"; };
		5D6B6ED4257A539900161EAF /* OpCode.swift */ = {isa = PBXFileReference; fileEncoding = 4; lastKnownFileType = sourcecode.swift; path = OpCode.swift; sourceTree = "<group>"; };
		5D6B6ED6257A539900161EAF /* DustCalculator.swift */ = {isa = PBXFileReference; fileEncoding = 4; lastKnownFileType = sourcecode.swift; path = DustCalculator.swift; sourceTree = "<group>"; };
		5D6B6ED7257A539900161EAF /* RecipientSetter.swift */ = {isa = PBXFileReference; fileEncoding = 4; lastKnownFileType = sourcecode.swift; path = RecipientSetter.swift; sourceTree = "<group>"; };
		5D6B6ED8257A539900161EAF /* MutableTransaction.swift */ = {isa = PBXFileReference; fileEncoding = 4; lastKnownFileType = sourcecode.swift; path = MutableTransaction.swift; sourceTree = "<group>"; };
		5D6B6ED9257A539900161EAF /* InputSigner.swift */ = {isa = PBXFileReference; fileEncoding = 4; lastKnownFileType = sourcecode.swift; path = InputSigner.swift; sourceTree = "<group>"; };
		5D6B6EDB257A539900161EAF /* OutputSetter.swift */ = {isa = PBXFileReference; fileEncoding = 4; lastKnownFileType = sourcecode.swift; path = OutputSetter.swift; sourceTree = "<group>"; };
		5D6B6EDC257A539900161EAF /* InputSetter.swift */ = {isa = PBXFileReference; fileEncoding = 4; lastKnownFileType = sourcecode.swift; path = InputSetter.swift; sourceTree = "<group>"; };
		5D6B6EDD257A539900161EAF /* TransactionBuilder.swift */ = {isa = PBXFileReference; fileEncoding = 4; lastKnownFileType = sourcecode.swift; path = TransactionBuilder.swift; sourceTree = "<group>"; };
		5D6B6EDE257A539900161EAF /* TransactionSigner.swift */ = {isa = PBXFileReference; fileEncoding = 4; lastKnownFileType = sourcecode.swift; path = TransactionSigner.swift; sourceTree = "<group>"; };
		5D6B6EE2257A539900161EAF /* TransactionSerializer.swift */ = {isa = PBXFileReference; fileEncoding = 4; lastKnownFileType = sourcecode.swift; path = TransactionSerializer.swift; sourceTree = "<group>"; };
		5D6B6EE3257A539900161EAF /* TransactionInputSerializer.swift */ = {isa = PBXFileReference; fileEncoding = 4; lastKnownFileType = sourcecode.swift; path = TransactionInputSerializer.swift; sourceTree = "<group>"; };
		5D6B6EE4257A539900161EAF /* DataListSerializer.swift */ = {isa = PBXFileReference; fileEncoding = 4; lastKnownFileType = sourcecode.swift; path = DataListSerializer.swift; sourceTree = "<group>"; };
		5D6B6EE5257A539900161EAF /* TransactionOutputSerializer.swift */ = {isa = PBXFileReference; fileEncoding = 4; lastKnownFileType = sourcecode.swift; path = TransactionOutputSerializer.swift; sourceTree = "<group>"; };
		5D6B6EE7257A539900161EAF /* SegWitBech32AddressConverter.swift */ = {isa = PBXFileReference; fileEncoding = 4; lastKnownFileType = sourcecode.swift; path = SegWitBech32AddressConverter.swift; sourceTree = "<group>"; };
		5D6B6EE8257A539A00161EAF /* SegWitBech32.swift */ = {isa = PBXFileReference; fileEncoding = 4; lastKnownFileType = sourcecode.swift; path = SegWitBech32.swift; sourceTree = "<group>"; };
		5D6B6EE9257A539A00161EAF /* SegWitAddress.swift */ = {isa = PBXFileReference; fileEncoding = 4; lastKnownFileType = sourcecode.swift; path = SegWitAddress.swift; sourceTree = "<group>"; };
		5D6B6EEA257A539A00161EAF /* Bech32.swift */ = {isa = PBXFileReference; fileEncoding = 4; lastKnownFileType = sourcecode.swift; path = Bech32.swift; sourceTree = "<group>"; };
		5D6B6EF3257A539A00161EAF /* Base58AddressConverter.swift */ = {isa = PBXFileReference; fileEncoding = 4; lastKnownFileType = sourcecode.swift; path = Base58AddressConverter.swift; sourceTree = "<group>"; };
		5D6B6EF4257A539A00161EAF /* Helpers.swift */ = {isa = PBXFileReference; fileEncoding = 4; lastKnownFileType = sourcecode.swift; path = Helpers.swift; sourceTree = "<group>"; };
		5D6B6EF5257A539A00161EAF /* TransactionDataSorters.swift */ = {isa = PBXFileReference; fileEncoding = 4; lastKnownFileType = sourcecode.swift; path = TransactionDataSorters.swift; sourceTree = "<group>"; };
		5D6B6EF6257A539A00161EAF /* AddressConverterChain.swift */ = {isa = PBXFileReference; fileEncoding = 4; lastKnownFileType = sourcecode.swift; path = AddressConverterChain.swift; sourceTree = "<group>"; };
		5D6B6EF7257A539A00161EAF /* Bip69.swift */ = {isa = PBXFileReference; fileEncoding = 4; lastKnownFileType = sourcecode.swift; path = Bip69.swift; sourceTree = "<group>"; };
		5D6B6EF9257A539A00161EAF /* UnspentOutputSelectorChain.swift */ = {isa = PBXFileReference; fileEncoding = 4; lastKnownFileType = sourcecode.swift; path = UnspentOutputSelectorChain.swift; sourceTree = "<group>"; };
		5D6B6EFB257A539A00161EAF /* PaymentAddressParser.swift */ = {isa = PBXFileReference; fileEncoding = 4; lastKnownFileType = sourcecode.swift; path = PaymentAddressParser.swift; sourceTree = "<group>"; };
		5D6B6EFC257A539A00161EAF /* Serialization.swift */ = {isa = PBXFileReference; fileEncoding = 4; lastKnownFileType = sourcecode.swift; path = Serialization.swift; sourceTree = "<group>"; };
		5D6B7005257A56C000161EAF /* MainNet.swift */ = {isa = PBXFileReference; fileEncoding = 4; lastKnownFileType = sourcecode.swift; path = MainNet.swift; sourceTree = "<group>"; };
		5D6B7006257A56C000161EAF /* RegTest.swift */ = {isa = PBXFileReference; fileEncoding = 4; lastKnownFileType = sourcecode.swift; path = RegTest.swift; sourceTree = "<group>"; };
		5D6B7007257A56C000161EAF /* TestNet.swift */ = {isa = PBXFileReference; fileEncoding = 4; lastKnownFileType = sourcecode.swift; path = TestNet.swift; sourceTree = "<group>"; };
		5D6B701B257A62F300161EAF /* BitcoinManager.swift */ = {isa = PBXFileReference; lastKnownFileType = sourcecode.swift; path = BitcoinManager.swift; sourceTree = "<group>"; };
		5D6B7029257BFE3A00161EAF /* Purpose.swift */ = {isa = PBXFileReference; fileEncoding = 4; lastKnownFileType = sourcecode.swift; path = Purpose.swift; sourceTree = "<group>"; };
		5D7453EA259A4C9D00A859C9 /* Factory.swift */ = {isa = PBXFileReference; fileEncoding = 4; lastKnownFileType = sourcecode.swift; path = Factory.swift; sourceTree = "<group>"; };
		5D74540C259A560900A859C9 /* TransactionDataSorterFactory.swift */ = {isa = PBXFileReference; fileEncoding = 4; lastKnownFileType = sourcecode.swift; path = TransactionDataSorterFactory.swift; sourceTree = "<group>"; };
		5DF1A5912577A01400B83D20 /* BitcoinCore.framework */ = {isa = PBXFileReference; explicitFileType = wrapper.framework; includeInIndex = 0; path = BitcoinCore.framework; sourceTree = BUILT_PRODUCTS_DIR; };
		5DF1A5942577A01400B83D20 /* BitcoinCore.h */ = {isa = PBXFileReference; lastKnownFileType = sourcecode.c.h; path = BitcoinCore.h; sourceTree = "<group>"; };
		5DF1A5952577A01400B83D20 /* Info.plist */ = {isa = PBXFileReference; lastKnownFileType = text.plist.xml; path = Info.plist; sourceTree = "<group>"; };
		5DF1A59A2577A01500B83D20 /* BitcoinCoreTests.xctest */ = {isa = PBXFileReference; explicitFileType = wrapper.cfbundle; includeInIndex = 0; path = BitcoinCoreTests.xctest; sourceTree = BUILT_PRODUCTS_DIR; };
		5DF1A59F2577A01500B83D20 /* BitcoinCoreTests.swift */ = {isa = PBXFileReference; lastKnownFileType = sourcecode.swift; path = BitcoinCoreTests.swift; sourceTree = "<group>"; };
		5DF1A5A12577A01500B83D20 /* Info.plist */ = {isa = PBXFileReference; lastKnownFileType = text.plist.xml; path = Info.plist; sourceTree = "<group>"; };
		737A6A65A08976BA1DE38D30 /* Pods-BitcoinCore-BitcoinCoreTests.debug.xcconfig */ = {isa = PBXFileReference; includeInIndex = 1; lastKnownFileType = text.xcconfig; name = "Pods-BitcoinCore-BitcoinCoreTests.debug.xcconfig"; path = "Target Support Files/Pods-BitcoinCore-BitcoinCoreTests/Pods-BitcoinCore-BitcoinCoreTests.debug.xcconfig"; sourceTree = "<group>"; };
		8345ED73DBA9F7848E2FBFE5 /* Pods_BitcoinCore.framework */ = {isa = PBXFileReference; explicitFileType = wrapper.framework; includeInIndex = 0; path = Pods_BitcoinCore.framework; sourceTree = BUILT_PRODUCTS_DIR; };
		B03681470A68E771ECEA2453 /* Pods-BitcoinCore-BitcoinCoreTests.release.xcconfig */ = {isa = PBXFileReference; includeInIndex = 1; lastKnownFileType = text.xcconfig; name = "Pods-BitcoinCore-BitcoinCoreTests.release.xcconfig"; path = "Target Support Files/Pods-BitcoinCore-BitcoinCoreTests/Pods-BitcoinCore-BitcoinCoreTests.release.xcconfig"; sourceTree = "<group>"; };
/* End PBXFileReference section */

/* Begin PBXFrameworksBuildPhase section */
		5DF1A58E2577A01400B83D20 /* Frameworks */ = {
			isa = PBXFrameworksBuildPhase;
			buildActionMask = 2147483647;
			files = (
				E7BB55606E3E11AE8892886C /* Pods_BitcoinCore.framework in Frameworks */,
			);
			runOnlyForDeploymentPostprocessing = 0;
		};
		5DF1A5972577A01500B83D20 /* Frameworks */ = {
			isa = PBXFrameworksBuildPhase;
			buildActionMask = 2147483647;
			files = (
				5DF1A59B2577A01500B83D20 /* BitcoinCore.framework in Frameworks */,
				A9B7BFA0488BA382BCBCAE3E /* Pods_BitcoinCore_BitcoinCoreTests.framework in Frameworks */,
			);
			runOnlyForDeploymentPostprocessing = 0;
		};
/* End PBXFrameworksBuildPhase section */

/* Begin PBXGroup section */
		1F27EABF54AC2CA2B6FC3E5B /* Pods */ = {
			isa = PBXGroup;
			children = (
				5AD6B5AD9A088847208B4146 /* Pods-BitcoinCore.debug.xcconfig */,
				127E7EA5482D77A6BE092BAF /* Pods-BitcoinCore.release.xcconfig */,
				737A6A65A08976BA1DE38D30 /* Pods-BitcoinCore-BitcoinCoreTests.debug.xcconfig */,
				B03681470A68E771ECEA2453 /* Pods-BitcoinCore-BitcoinCoreTests.release.xcconfig */,
			);
			path = Pods;
			sourceTree = "<group>";
		};
		5D6B6E3D257A539900161EAF /* Classes */ = {
			isa = PBXGroup;
			children = (
				5D6B6E50257A539900161EAF /* Core */,
				5D6B6E61257A539900161EAF /* Managers */,
				5D6B6E75257A539900161EAF /* Network */,
				5D6B6EA5257A539900161EAF /* Models */,
				5D6B6EBB257A539900161EAF /* Extensions */,
				5D6B6EC1257A539900161EAF /* Transactions */,
				5D6B6EE0257A539900161EAF /* Serializers */,
				5D6B6EE6257A539900161EAF /* SegWit */,
				5D6B6EF1257A539A00161EAF /* Helpers */,
			);
			path = Classes;
			sourceTree = "<group>";
		};
		5D6B6E50257A539900161EAF /* Core */ = {
			isa = PBXGroup;
			children = (
				5D6B6E53257A539900161EAF /* BitcoinCoreErrors.swift */,
				5D6B6E54257A539900161EAF /* Bip.swift */,
				5D7453EA259A4C9D00A859C9 /* Factory.swift */,
				5D6B6E57257A539900161EAF /* BitcoinCoreBuilder.swift */,
				5D74540C259A560900A859C9 /* TransactionDataSorterFactory.swift */,
				5D6B7029257BFE3A00161EAF /* Purpose.swift */,
				5D6B6E59257A539900161EAF /* BitcoinCore.swift */,
				5D6B6E5A257A539900161EAF /* Protocols.swift */,
				5D6B6E5B257A539900161EAF /* RestoreKeyConverter.swift */,
			);
			path = Core;
			sourceTree = "<group>";
		};
		5D6B6E61257A539900161EAF /* Managers */ = {
			isa = PBXGroup;
			children = (
				5D6B6E65257A539900161EAF /* UnspentOutputSelectorSingleNoChange.swift */,
				5D6B6E69257A539900161EAF /* UnspentOutputSelector.swift */,
				5D6B6E6C257A539900161EAF /* PluginManager.swift */,
				5D6B701B257A62F300161EAF /* BitcoinManager.swift */,
			);
			path = Managers;
			sourceTree = "<group>";
		};
		5D6B6E75257A539900161EAF /* Network */ = {
			isa = PBXGroup;
			children = (
				5D6B7005257A56C000161EAF /* MainNet.swift */,
				5D6B7006257A56C000161EAF /* RegTest.swift */,
				5D6B7007257A56C000161EAF /* TestNet.swift */,
				5D6B6E9F257A539900161EAF /* Helpers */,
			);
			path = Network;
			sourceTree = "<group>";
		};
		5D6B6E9F257A539900161EAF /* Helpers */ = {
			isa = PBXGroup;
			children = (
				5D6B6EA0257A539900161EAF /* VarInt.swift */,
				5D6B6EA1257A539900161EAF /* ByteStream.swift */,
				5D6B6EA3257A539900161EAF /* VarString.swift */,
			);
			path = Helpers;
			sourceTree = "<group>";
		};
		5D6B6EA5257A539900161EAF /* Models */ = {
			isa = PBXGroup;
			children = (
				5D6B6EA7257A539900161EAF /* BitcoinPaymentData.swift */,
				5D6B6EA9257A539900161EAF /* PublicKey.swift */,
				5D6B6EAA257A539900161EAF /* Address.swift */,
				5D6B6EAB257A539900161EAF /* DataObjects.swift */,
				5D6B6EAC257A539900161EAF /* SigHashType.swift */,
				5D6B6EAF257A539900161EAF /* Output.swift */,
				5D6B6EB3257A539900161EAF /* Input.swift */,
				5D6B6EB6257A539900161EAF /* Transaction.swift */,
			);
			path = Models;
			sourceTree = "<group>";
		};
		5D6B6EBB257A539900161EAF /* Extensions */ = {
			isa = PBXGroup;
			children = (
				5D6B6EBC257A539900161EAF /* Array.swift */,
				5D4949A3257C0319009A71F0 /* String+.swift */,
				5D49499F257C0319009A71F0 /* Data.swift */,
				5D6B6EBD257A539900161EAF /* SynchronizedArray.swift */,
				5D6B6EBF257A539900161EAF /* URLRequestConvertible.swift */,
			);
			path = Extensions;
			sourceTree = "<group>";
		};
		5D6B6EC1257A539900161EAF /* Transactions */ = {
			isa = PBXGroup;
			children = (
				5D6B6ECA257A539900161EAF /* TransactionSizeCalculator.swift */,
				5D6B6ECB257A539900161EAF /* TransactionFeeCalculator.swift */,
				5D6B6ECC257A539900161EAF /* TransactionCreator.swift */,
				5D6B6ECD257A539900161EAF /* Scripts */,
				5D6B6ED1257A539900161EAF /* TransactionOutputExtractor.swift */,
				5D6B6ED3257A539900161EAF /* Extractors */,
				5D6B6ED5257A539900161EAF /* Builder */,
			);
			path = Transactions;
			sourceTree = "<group>";
		};
		5D6B6ECD257A539900161EAF /* Scripts */ = {
			isa = PBXGroup;
			children = (
				5D6B6ECE257A539900161EAF /* Script.swift */,
				5D6B6ECF257A539900161EAF /* Chunk.swift */,
				5D6B6ED0257A539900161EAF /* ScriptConverter.swift */,
			);
			path = Scripts;
			sourceTree = "<group>";
		};
		5D6B6ED3257A539900161EAF /* Extractors */ = {
			isa = PBXGroup;
			children = (
				5D6B6ED4257A539900161EAF /* OpCode.swift */,
			);
			path = Extractors;
			sourceTree = "<group>";
		};
		5D6B6ED5257A539900161EAF /* Builder */ = {
			isa = PBXGroup;
			children = (
				5D6B6ED6257A539900161EAF /* DustCalculator.swift */,
				5D6B6ED7257A539900161EAF /* RecipientSetter.swift */,
				5D6B6ED8257A539900161EAF /* MutableTransaction.swift */,
				5D6B6ED9257A539900161EAF /* InputSigner.swift */,
				5D6B6EDB257A539900161EAF /* OutputSetter.swift */,
				5D6B6EDC257A539900161EAF /* InputSetter.swift */,
				5D6B6EDD257A539900161EAF /* TransactionBuilder.swift */,
				5D6B6EDE257A539900161EAF /* TransactionSigner.swift */,
			);
			path = Builder;
			sourceTree = "<group>";
		};
		5D6B6EE0257A539900161EAF /* Serializers */ = {
			isa = PBXGroup;
			children = (
				5D6B6EE2257A539900161EAF /* TransactionSerializer.swift */,
				5D6B6EE3257A539900161EAF /* TransactionInputSerializer.swift */,
				5D6B6EE4257A539900161EAF /* DataListSerializer.swift */,
				5D6B6EE5257A539900161EAF /* TransactionOutputSerializer.swift */,
			);
			path = Serializers;
			sourceTree = "<group>";
		};
		5D6B6EE6257A539900161EAF /* SegWit */ = {
			isa = PBXGroup;
			children = (
				5D6B6EE7257A539900161EAF /* SegWitBech32AddressConverter.swift */,
				5D6B6EE8257A539A00161EAF /* SegWitBech32.swift */,
				5D6B6EE9257A539A00161EAF /* SegWitAddress.swift */,
				5D6B6EEA257A539A00161EAF /* Bech32.swift */,
			);
			path = SegWit;
			sourceTree = "<group>";
		};
		5D6B6EF1257A539A00161EAF /* Helpers */ = {
			isa = PBXGroup;
			children = (
				5D6B6EF3257A539A00161EAF /* Base58AddressConverter.swift */,
				5D6B6EF4257A539A00161EAF /* Helpers.swift */,
				5D6B6EF5257A539A00161EAF /* TransactionDataSorters.swift */,
				5D6B6EF6257A539A00161EAF /* AddressConverterChain.swift */,
				5D6B6EF7257A539A00161EAF /* Bip69.swift */,
				5D6B6EF9257A539A00161EAF /* UnspentOutputSelectorChain.swift */,
				5D6B6EFB257A539A00161EAF /* PaymentAddressParser.swift */,
				5D6B6EFC257A539A00161EAF /* Serialization.swift */,
			);
			path = Helpers;
			sourceTree = "<group>";
		};
		5DF1A5872577A01400B83D20 = {
			isa = PBXGroup;
			children = (
				5DF1A5932577A01400B83D20 /* BitcoinCore */,
				5DF1A59E2577A01500B83D20 /* BitcoinCoreTests */,
				5DF1A5922577A01400B83D20 /* Products */,
				1F27EABF54AC2CA2B6FC3E5B /* Pods */,
				E182A9467020B6B3698AE11D /* Frameworks */,
			);
			sourceTree = "<group>";
		};
		5DF1A5922577A01400B83D20 /* Products */ = {
			isa = PBXGroup;
			children = (
				5DF1A5912577A01400B83D20 /* BitcoinCore.framework */,
				5DF1A59A2577A01500B83D20 /* BitcoinCoreTests.xctest */,
			);
			name = Products;
			sourceTree = "<group>";
		};
		5DF1A5932577A01400B83D20 /* BitcoinCore */ = {
			isa = PBXGroup;
			children = (
				5D6B6E3D257A539900161EAF /* Classes */,
				5DF1A5942577A01400B83D20 /* BitcoinCore.h */,
				5DF1A5952577A01400B83D20 /* Info.plist */,
			);
			path = BitcoinCore;
			sourceTree = "<group>";
		};
		5DF1A59E2577A01500B83D20 /* BitcoinCoreTests */ = {
			isa = PBXGroup;
			children = (
				5DF1A59F2577A01500B83D20 /* BitcoinCoreTests.swift */,
				5DF1A5A12577A01500B83D20 /* Info.plist */,
			);
			path = BitcoinCoreTests;
			sourceTree = "<group>";
		};
		E182A9467020B6B3698AE11D /* Frameworks */ = {
			isa = PBXGroup;
			children = (
				8345ED73DBA9F7848E2FBFE5 /* Pods_BitcoinCore.framework */,
				567D6CD61E7032D3AE03C7DA /* Pods_BitcoinCore_BitcoinCoreTests.framework */,
			);
			name = Frameworks;
			sourceTree = "<group>";
		};
/* End PBXGroup section */

/* Begin PBXHeadersBuildPhase section */
		5DF1A58C2577A01400B83D20 /* Headers */ = {
			isa = PBXHeadersBuildPhase;
			buildActionMask = 2147483647;
			files = (
				5DF1A5A22577A01500B83D20 /* BitcoinCore.h in Headers */,
			);
			runOnlyForDeploymentPostprocessing = 0;
		};
/* End PBXHeadersBuildPhase section */

/* Begin PBXNativeTarget section */
		5DF1A5902577A01400B83D20 /* BitcoinCore */ = {
			isa = PBXNativeTarget;
			buildConfigurationList = 5DF1A5A52577A01500B83D20 /* Build configuration list for PBXNativeTarget "BitcoinCore" */;
			buildPhases = (
				16250E6F80CA14222820EBB6 /* [CP] Check Pods Manifest.lock */,
				5DF1A58C2577A01400B83D20 /* Headers */,
				5DF1A58D2577A01400B83D20 /* Sources */,
				5DF1A58E2577A01400B83D20 /* Frameworks */,
				5DF1A58F2577A01400B83D20 /* Resources */,
			);
			buildRules = (
			);
			dependencies = (
			);
			name = BitcoinCore;
			productName = BitcoinCore;
			productReference = 5DF1A5912577A01400B83D20 /* BitcoinCore.framework */;
			productType = "com.apple.product-type.framework";
		};
		5DF1A5992577A01500B83D20 /* BitcoinCoreTests */ = {
			isa = PBXNativeTarget;
			buildConfigurationList = 5DF1A5A82577A01500B83D20 /* Build configuration list for PBXNativeTarget "BitcoinCoreTests" */;
			buildPhases = (
				3965EC9ADC3B91BC890E255B /* [CP] Check Pods Manifest.lock */,
				5DF1A5962577A01500B83D20 /* Sources */,
				5DF1A5972577A01500B83D20 /* Frameworks */,
				5DF1A5982577A01500B83D20 /* Resources */,
				287EBBB1C122B4F8A00FF779 /* [CP] Embed Pods Frameworks */,
			);
			buildRules = (
			);
			dependencies = (
				5DF1A59D2577A01500B83D20 /* PBXTargetDependency */,
			);
			name = BitcoinCoreTests;
			productName = BitcoinCoreTests;
			productReference = 5DF1A59A2577A01500B83D20 /* BitcoinCoreTests.xctest */;
			productType = "com.apple.product-type.bundle.unit-test";
		};
/* End PBXNativeTarget section */

/* Begin PBXProject section */
		5DF1A5882577A01400B83D20 /* Project object */ = {
			isa = PBXProject;
			attributes = {
				LastSwiftUpdateCheck = 1220;
				LastUpgradeCheck = 1220;
				TargetAttributes = {
					5DF1A5902577A01400B83D20 = {
						CreatedOnToolsVersion = 12.2;
					};
					5DF1A5992577A01500B83D20 = {
						CreatedOnToolsVersion = 12.2;
					};
				};
			};
			buildConfigurationList = 5DF1A58B2577A01400B83D20 /* Build configuration list for PBXProject "BitcoinCore" */;
			compatibilityVersion = "Xcode 9.3";
			developmentRegion = en;
			hasScannedForEncodings = 0;
			knownRegions = (
				en,
				Base,
			);
			mainGroup = 5DF1A5872577A01400B83D20;
			productRefGroup = 5DF1A5922577A01400B83D20 /* Products */;
			projectDirPath = "";
			projectRoot = "";
			targets = (
				5DF1A5902577A01400B83D20 /* BitcoinCore */,
				5DF1A5992577A01500B83D20 /* BitcoinCoreTests */,
			);
		};
/* End PBXProject section */

/* Begin PBXResourcesBuildPhase section */
		5DF1A58F2577A01400B83D20 /* Resources */ = {
			isa = PBXResourcesBuildPhase;
			buildActionMask = 2147483647;
			files = (
			);
			runOnlyForDeploymentPostprocessing = 0;
		};
		5DF1A5982577A01500B83D20 /* Resources */ = {
			isa = PBXResourcesBuildPhase;
			buildActionMask = 2147483647;
			files = (
			);
			runOnlyForDeploymentPostprocessing = 0;
		};
/* End PBXResourcesBuildPhase section */

/* Begin PBXShellScriptBuildPhase section */
		16250E6F80CA14222820EBB6 /* [CP] Check Pods Manifest.lock */ = {
			isa = PBXShellScriptBuildPhase;
			buildActionMask = 2147483647;
			files = (
			);
			inputFileListPaths = (
			);
			inputPaths = (
				"${PODS_PODFILE_DIR_PATH}/Podfile.lock",
				"${PODS_ROOT}/Manifest.lock",
			);
			name = "[CP] Check Pods Manifest.lock";
			outputFileListPaths = (
			);
			outputPaths = (
				"$(DERIVED_FILE_DIR)/Pods-BitcoinCore-checkManifestLockResult.txt",
			);
			runOnlyForDeploymentPostprocessing = 0;
			shellPath = /bin/sh;
			shellScript = "diff \"${PODS_PODFILE_DIR_PATH}/Podfile.lock\" \"${PODS_ROOT}/Manifest.lock\" > /dev/null\nif [ $? != 0 ] ; then\n    # print error to STDERR\n    echo \"error: The sandbox is not in sync with the Podfile.lock. Run 'pod install' or update your CocoaPods installation.\" >&2\n    exit 1\nfi\n# This output is used by Xcode 'outputs' to avoid re-running this script phase.\necho \"SUCCESS\" > \"${SCRIPT_OUTPUT_FILE_0}\"\n";
			showEnvVarsInLog = 0;
		};
		287EBBB1C122B4F8A00FF779 /* [CP] Embed Pods Frameworks */ = {
			isa = PBXShellScriptBuildPhase;
			buildActionMask = 2147483647;
			files = (
			);
			inputFileListPaths = (
				"${PODS_ROOT}/Target Support Files/Pods-BitcoinCore-BitcoinCoreTests/Pods-BitcoinCore-BitcoinCoreTests-frameworks-${CONFIGURATION}-input-files.xcfilelist",
			);
			name = "[CP] Embed Pods Frameworks";
			outputFileListPaths = (
				"${PODS_ROOT}/Target Support Files/Pods-BitcoinCore-BitcoinCoreTests/Pods-BitcoinCore-BitcoinCoreTests-frameworks-${CONFIGURATION}-output-files.xcfilelist",
			);
			runOnlyForDeploymentPostprocessing = 0;
			shellPath = /bin/sh;
			shellScript = "\"${PODS_ROOT}/Target Support Files/Pods-BitcoinCore-BitcoinCoreTests/Pods-BitcoinCore-BitcoinCoreTests-frameworks.sh\"\n";
			showEnvVarsInLog = 0;
		};
		3965EC9ADC3B91BC890E255B /* [CP] Check Pods Manifest.lock */ = {
			isa = PBXShellScriptBuildPhase;
			buildActionMask = 2147483647;
			files = (
			);
			inputFileListPaths = (
			);
			inputPaths = (
				"${PODS_PODFILE_DIR_PATH}/Podfile.lock",
				"${PODS_ROOT}/Manifest.lock",
			);
			name = "[CP] Check Pods Manifest.lock";
			outputFileListPaths = (
			);
			outputPaths = (
				"$(DERIVED_FILE_DIR)/Pods-BitcoinCore-BitcoinCoreTests-checkManifestLockResult.txt",
			);
			runOnlyForDeploymentPostprocessing = 0;
			shellPath = /bin/sh;
			shellScript = "diff \"${PODS_PODFILE_DIR_PATH}/Podfile.lock\" \"${PODS_ROOT}/Manifest.lock\" > /dev/null\nif [ $? != 0 ] ; then\n    # print error to STDERR\n    echo \"error: The sandbox is not in sync with the Podfile.lock. Run 'pod install' or update your CocoaPods installation.\" >&2\n    exit 1\nfi\n# This output is used by Xcode 'outputs' to avoid re-running this script phase.\necho \"SUCCESS\" > \"${SCRIPT_OUTPUT_FILE_0}\"\n";
			showEnvVarsInLog = 0;
		};
/* End PBXShellScriptBuildPhase section */

/* Begin PBXSourcesBuildPhase section */
		5DF1A58D2577A01400B83D20 /* Sources */ = {
			isa = PBXSourcesBuildPhase;
			buildActionMask = 2147483647;
			files = (
				5D6B6F65257A539A00161EAF /* Input.swift in Sources */,
				5D6B6F82257A539A00161EAF /* DustCalculator.swift in Sources */,
				5D6B6F9E257A539A00161EAF /* Bip69.swift in Sources */,
				5D6B7008257A56C000161EAF /* MainNet.swift in Sources */,
				5D6B6F89257A539A00161EAF /* TransactionBuilder.swift in Sources */,
				5D6B6FA0257A539A00161EAF /* UnspentOutputSelectorChain.swift in Sources */,
				5D745423259A62B200A859C9 /* Data.swift in Sources */,
				5D6B6F53257A539A00161EAF /* VarInt.swift in Sources */,
				5D6B6F0F257A539A00161EAF /* Bip.swift in Sources */,
				5D6B6F12257A539A00161EAF /* BitcoinCoreBuilder.swift in Sources */,
				5D6B6F1F257A539A00161EAF /* UnspentOutputSelectorSingleNoChange.swift in Sources */,
				5D6B6F5D257A539A00161EAF /* DataObjects.swift in Sources */,
				5D6B6F7B257A539A00161EAF /* TransactionCreator.swift in Sources */,
				5D6B6F7F257A539A00161EAF /* TransactionOutputExtractor.swift in Sources */,
				5D6B6F0E257A539A00161EAF /* BitcoinCoreErrors.swift in Sources */,
				5D6B6F93257A539A00161EAF /* SegWitAddress.swift in Sources */,
				5D74540D259A560900A859C9 /* TransactionDataSorterFactory.swift in Sources */,
				5D6B6F16257A539A00161EAF /* RestoreKeyConverter.swift in Sources */,
				5D6B6F59257A539A00161EAF /* BitcoinPaymentData.swift in Sources */,
				5D6B6F15257A539A00161EAF /* Protocols.swift in Sources */,
				5D6B6F90257A539A00161EAF /* TransactionOutputSerializer.swift in Sources */,
				5D6B6F14257A539A00161EAF /* BitcoinCore.swift in Sources */,
				5D6B6F6C257A539A00161EAF /* Array.swift in Sources */,
				5D6B6F91257A539A00161EAF /* SegWitBech32AddressConverter.swift in Sources */,
				5D6B6F8F257A539A00161EAF /* DataListSerializer.swift in Sources */,
				5D6B6F9D257A539A00161EAF /* AddressConverterChain.swift in Sources */,
				5D6B6F9B257A539A00161EAF /* Helpers.swift in Sources */,
				5D6B6F26257A539A00161EAF /* PluginManager.swift in Sources */,
				5D6B6F92257A539A00161EAF /* SegWitBech32.swift in Sources */,
				5D6B6F7E257A539A00161EAF /* ScriptConverter.swift in Sources */,
				5D6B701C257A62F300161EAF /* BitcoinManager.swift in Sources */,
				5D6B6F6F257A539A00161EAF /* URLRequestConvertible.swift in Sources */,
				5D6B6F8D257A539A00161EAF /* TransactionSerializer.swift in Sources */,
				5D6B6F79257A539A00161EAF /* TransactionSizeCalculator.swift in Sources */,
				5D6B6F8A257A539A00161EAF /* TransactionSigner.swift in Sources */,
				5D6B6F5E257A539A00161EAF /* SigHashType.swift in Sources */,
				5D6B6F7D257A539A00161EAF /* Chunk.swift in Sources */,
				5D6B700A257A56C000161EAF /* TestNet.swift in Sources */,
				5D6B6F56257A539A00161EAF /* VarString.swift in Sources */,
				5D6B6F88257A539A00161EAF /* InputSetter.swift in Sources */,
				5D6B6F9C257A539A00161EAF /* TransactionDataSorters.swift in Sources */,
				5D6B6F61257A539A00161EAF /* Output.swift in Sources */,
				5D6B6F5B257A539A00161EAF /* PublicKey.swift in Sources */,
				5D6B6FA3257A539A00161EAF /* Serialization.swift in Sources */,
				5D6B6F8E257A539A00161EAF /* TransactionInputSerializer.swift in Sources */,
				5D6B6F23257A539A00161EAF /* UnspentOutputSelector.swift in Sources */,
				5D6B6F83257A539A00161EAF /* RecipientSetter.swift in Sources */,
				5D6B6F7C257A539A00161EAF /* Script.swift in Sources */,
				5D6B6F84257A539A00161EAF /* MutableTransaction.swift in Sources */,
				5D6B6F9A257A539A00161EAF /* Base58AddressConverter.swift in Sources */,
				5D745426259A62CB00A859C9 /* String+.swift in Sources */,
				5D74542F259A630500A859C9 /* Purpose.swift in Sources */,
				5D6B6F6D257A539A00161EAF /* SynchronizedArray.swift in Sources */,
				5D6B6F94257A539A00161EAF /* Bech32.swift in Sources */,
				5D6B6F7A257A539A00161EAF /* TransactionFeeCalculator.swift in Sources */,
				5D6B6F5C257A539A00161EAF /* Address.swift in Sources */,
				5D6B6FA2257A539A00161EAF /* PaymentAddressParser.swift in Sources */,
				5D6B6F54257A539A00161EAF /* ByteStream.swift in Sources */,
				5D6B6F81257A539A00161EAF /* OpCode.swift in Sources */,
				5D6B6F87257A539A00161EAF /* OutputSetter.swift in Sources */,
				5D6B6F68257A539A00161EAF /* Transaction.swift in Sources */,
				5D6B6F85257A539A00161EAF /* InputSigner.swift in Sources */,
				5D7453F3259A4C9D00A859C9 /* Factory.swift in Sources */,
				5D6B7009257A56C000161EAF /* RegTest.swift in Sources */,
			);
			runOnlyForDeploymentPostprocessing = 0;
		};
		5DF1A5962577A01500B83D20 /* Sources */ = {
			isa = PBXSourcesBuildPhase;
			buildActionMask = 2147483647;
			files = (
				5DF1A5A02577A01500B83D20 /* BitcoinCoreTests.swift in Sources */,
			);
			runOnlyForDeploymentPostprocessing = 0;
		};
/* End PBXSourcesBuildPhase section */

/* Begin PBXTargetDependency section */
		5DF1A59D2577A01500B83D20 /* PBXTargetDependency */ = {
			isa = PBXTargetDependency;
			target = 5DF1A5902577A01400B83D20 /* BitcoinCore */;
			targetProxy = 5DF1A59C2577A01500B83D20 /* PBXContainerItemProxy */;
		};
/* End PBXTargetDependency section */

/* Begin XCBuildConfiguration section */
		5DF1A5A32577A01500B83D20 /* Debug */ = {
			isa = XCBuildConfiguration;
			buildSettings = {
				ALWAYS_SEARCH_USER_PATHS = NO;
				CLANG_ANALYZER_NONNULL = YES;
				CLANG_ANALYZER_NUMBER_OBJECT_CONVERSION = YES_AGGRESSIVE;
				CLANG_CXX_LANGUAGE_STANDARD = "gnu++14";
				CLANG_CXX_LIBRARY = "libc++";
				CLANG_ENABLE_MODULES = YES;
				CLANG_ENABLE_OBJC_ARC = YES;
				CLANG_ENABLE_OBJC_WEAK = YES;
				CLANG_WARN_BLOCK_CAPTURE_AUTORELEASING = YES;
				CLANG_WARN_BOOL_CONVERSION = YES;
				CLANG_WARN_COMMA = YES;
				CLANG_WARN_CONSTANT_CONVERSION = YES;
				CLANG_WARN_DEPRECATED_OBJC_IMPLEMENTATIONS = YES;
				CLANG_WARN_DIRECT_OBJC_ISA_USAGE = YES_ERROR;
				CLANG_WARN_DOCUMENTATION_COMMENTS = YES;
				CLANG_WARN_EMPTY_BODY = YES;
				CLANG_WARN_ENUM_CONVERSION = YES;
				CLANG_WARN_INFINITE_RECURSION = YES;
				CLANG_WARN_INT_CONVERSION = YES;
				CLANG_WARN_NON_LITERAL_NULL_CONVERSION = YES;
				CLANG_WARN_OBJC_IMPLICIT_RETAIN_SELF = YES;
				CLANG_WARN_OBJC_LITERAL_CONVERSION = YES;
				CLANG_WARN_OBJC_ROOT_CLASS = YES_ERROR;
				CLANG_WARN_QUOTED_INCLUDE_IN_FRAMEWORK_HEADER = YES;
				CLANG_WARN_RANGE_LOOP_ANALYSIS = YES;
				CLANG_WARN_STRICT_PROTOTYPES = YES;
				CLANG_WARN_SUSPICIOUS_MOVE = YES;
				CLANG_WARN_UNGUARDED_AVAILABILITY = YES_AGGRESSIVE;
				CLANG_WARN_UNREACHABLE_CODE = YES;
				CLANG_WARN__DUPLICATE_METHOD_MATCH = YES;
				COPY_PHASE_STRIP = NO;
				CURRENT_PROJECT_VERSION = 1;
				DEBUG_INFORMATION_FORMAT = dwarf;
				ENABLE_STRICT_OBJC_MSGSEND = YES;
				ENABLE_TESTABILITY = YES;
				GCC_C_LANGUAGE_STANDARD = gnu11;
				GCC_DYNAMIC_NO_PIC = NO;
				GCC_NO_COMMON_BLOCKS = YES;
				GCC_OPTIMIZATION_LEVEL = 0;
				GCC_PREPROCESSOR_DEFINITIONS = (
					"DEBUG=1",
					"$(inherited)",
				);
				GCC_WARN_64_TO_32_BIT_CONVERSION = YES;
				GCC_WARN_ABOUT_RETURN_TYPE = YES_ERROR;
				GCC_WARN_UNDECLARED_SELECTOR = YES;
				GCC_WARN_UNINITIALIZED_AUTOS = YES_AGGRESSIVE;
				GCC_WARN_UNUSED_FUNCTION = YES;
				GCC_WARN_UNUSED_VARIABLE = YES;
				IPHONEOS_DEPLOYMENT_TARGET = 14.2;
				MTL_ENABLE_DEBUG_INFO = INCLUDE_SOURCE;
				MTL_FAST_MATH = YES;
				ONLY_ACTIVE_ARCH = YES;
				SDKROOT = iphoneos;
				SWIFT_ACTIVE_COMPILATION_CONDITIONS = DEBUG;
				SWIFT_OPTIMIZATION_LEVEL = "-Onone";
				VERSIONING_SYSTEM = "apple-generic";
				VERSION_INFO_PREFIX = "";
			};
			name = Debug;
		};
		5DF1A5A42577A01500B83D20 /* Release */ = {
			isa = XCBuildConfiguration;
			buildSettings = {
				ALWAYS_SEARCH_USER_PATHS = NO;
				CLANG_ANALYZER_NONNULL = YES;
				CLANG_ANALYZER_NUMBER_OBJECT_CONVERSION = YES_AGGRESSIVE;
				CLANG_CXX_LANGUAGE_STANDARD = "gnu++14";
				CLANG_CXX_LIBRARY = "libc++";
				CLANG_ENABLE_MODULES = YES;
				CLANG_ENABLE_OBJC_ARC = YES;
				CLANG_ENABLE_OBJC_WEAK = YES;
				CLANG_WARN_BLOCK_CAPTURE_AUTORELEASING = YES;
				CLANG_WARN_BOOL_CONVERSION = YES;
				CLANG_WARN_COMMA = YES;
				CLANG_WARN_CONSTANT_CONVERSION = YES;
				CLANG_WARN_DEPRECATED_OBJC_IMPLEMENTATIONS = YES;
				CLANG_WARN_DIRECT_OBJC_ISA_USAGE = YES_ERROR;
				CLANG_WARN_DOCUMENTATION_COMMENTS = YES;
				CLANG_WARN_EMPTY_BODY = YES;
				CLANG_WARN_ENUM_CONVERSION = YES;
				CLANG_WARN_INFINITE_RECURSION = YES;
				CLANG_WARN_INT_CONVERSION = YES;
				CLANG_WARN_NON_LITERAL_NULL_CONVERSION = YES;
				CLANG_WARN_OBJC_IMPLICIT_RETAIN_SELF = YES;
				CLANG_WARN_OBJC_LITERAL_CONVERSION = YES;
				CLANG_WARN_OBJC_ROOT_CLASS = YES_ERROR;
				CLANG_WARN_QUOTED_INCLUDE_IN_FRAMEWORK_HEADER = YES;
				CLANG_WARN_RANGE_LOOP_ANALYSIS = YES;
				CLANG_WARN_STRICT_PROTOTYPES = YES;
				CLANG_WARN_SUSPICIOUS_MOVE = YES;
				CLANG_WARN_UNGUARDED_AVAILABILITY = YES_AGGRESSIVE;
				CLANG_WARN_UNREACHABLE_CODE = YES;
				CLANG_WARN__DUPLICATE_METHOD_MATCH = YES;
				COPY_PHASE_STRIP = NO;
				CURRENT_PROJECT_VERSION = 1;
				DEBUG_INFORMATION_FORMAT = "dwarf-with-dsym";
				ENABLE_NS_ASSERTIONS = NO;
				ENABLE_STRICT_OBJC_MSGSEND = YES;
				GCC_C_LANGUAGE_STANDARD = gnu11;
				GCC_NO_COMMON_BLOCKS = YES;
				GCC_WARN_64_TO_32_BIT_CONVERSION = YES;
				GCC_WARN_ABOUT_RETURN_TYPE = YES_ERROR;
				GCC_WARN_UNDECLARED_SELECTOR = YES;
				GCC_WARN_UNINITIALIZED_AUTOS = YES_AGGRESSIVE;
				GCC_WARN_UNUSED_FUNCTION = YES;
				GCC_WARN_UNUSED_VARIABLE = YES;
				IPHONEOS_DEPLOYMENT_TARGET = 14.2;
				MTL_ENABLE_DEBUG_INFO = NO;
				MTL_FAST_MATH = YES;
				SDKROOT = iphoneos;
				SWIFT_COMPILATION_MODE = wholemodule;
				SWIFT_OPTIMIZATION_LEVEL = "-O";
				VALIDATE_PRODUCT = YES;
				VERSIONING_SYSTEM = "apple-generic";
				VERSION_INFO_PREFIX = "";
			};
			name = Release;
		};
		5DF1A5A62577A01500B83D20 /* Debug */ = {
			isa = XCBuildConfiguration;
			baseConfigurationReference = 5AD6B5AD9A088847208B4146 /* Pods-BitcoinCore.debug.xcconfig */;
			buildSettings = {
				CODE_SIGN_STYLE = Automatic;
				DEFINES_MODULE = YES;
				DEVELOPMENT_TEAM = 4897UJ6D8C;
				DYLIB_COMPATIBILITY_VERSION = 1;
				DYLIB_CURRENT_VERSION = 1;
				DYLIB_INSTALL_NAME_BASE = "@rpath";
				INFOPLIST_FILE = BitcoinCore/Info.plist;
				INSTALL_PATH = "$(LOCAL_LIBRARY_DIR)/Frameworks";
				LD_RUNPATH_SEARCH_PATHS = (
					"$(inherited)",
					"@executable_path/Frameworks",
					"@loader_path/Frameworks",
				);
				PRODUCT_BUNDLE_IDENTIFIER = com.tangem.BitcoinCore;
				PRODUCT_NAME = "$(TARGET_NAME:c99extidentifier)";
				SKIP_INSTALL = YES;
				SWIFT_VERSION = 5.0;
				TARGETED_DEVICE_FAMILY = "1,2";
			};
			name = Debug;
		};
		5DF1A5A72577A01500B83D20 /* Release */ = {
			isa = XCBuildConfiguration;
			baseConfigurationReference = 127E7EA5482D77A6BE092BAF /* Pods-BitcoinCore.release.xcconfig */;
			buildSettings = {
				CODE_SIGN_STYLE = Automatic;
				DEFINES_MODULE = YES;
				DEVELOPMENT_TEAM = 4897UJ6D8C;
				DYLIB_COMPATIBILITY_VERSION = 1;
				DYLIB_CURRENT_VERSION = 1;
				DYLIB_INSTALL_NAME_BASE = "@rpath";
				INFOPLIST_FILE = BitcoinCore/Info.plist;
				INSTALL_PATH = "$(LOCAL_LIBRARY_DIR)/Frameworks";
				LD_RUNPATH_SEARCH_PATHS = (
					"$(inherited)",
					"@executable_path/Frameworks",
					"@loader_path/Frameworks",
				);
				PRODUCT_BUNDLE_IDENTIFIER = com.tangem.BitcoinCore;
				PRODUCT_NAME = "$(TARGET_NAME:c99extidentifier)";
				SKIP_INSTALL = YES;
				SWIFT_VERSION = 5.0;
				TARGETED_DEVICE_FAMILY = "1,2";
			};
			name = Release;
		};
		5DF1A5A92577A01500B83D20 /* Debug */ = {
			isa = XCBuildConfiguration;
			baseConfigurationReference = 737A6A65A08976BA1DE38D30 /* Pods-BitcoinCore-BitcoinCoreTests.debug.xcconfig */;
			buildSettings = {
				ALWAYS_EMBED_SWIFT_STANDARD_LIBRARIES = YES;
				CODE_SIGN_STYLE = Automatic;
				DEVELOPMENT_TEAM = 4897UJ6D8C;
				INFOPLIST_FILE = BitcoinCoreTests/Info.plist;
				LD_RUNPATH_SEARCH_PATHS = (
					"$(inherited)",
					"@executable_path/Frameworks",
					"@loader_path/Frameworks",
				);
				PRODUCT_BUNDLE_IDENTIFIER = com.tangem.BitcoinCoreTests;
				PRODUCT_NAME = "$(TARGET_NAME)";
				SWIFT_VERSION = 5.0;
				TARGETED_DEVICE_FAMILY = "1,2";
			};
			name = Debug;
		};
		5DF1A5AA2577A01500B83D20 /* Release */ = {
			isa = XCBuildConfiguration;
			baseConfigurationReference = B03681470A68E771ECEA2453 /* Pods-BitcoinCore-BitcoinCoreTests.release.xcconfig */;
			buildSettings = {
				ALWAYS_EMBED_SWIFT_STANDARD_LIBRARIES = YES;
				CODE_SIGN_STYLE = Automatic;
				DEVELOPMENT_TEAM = 4897UJ6D8C;
				INFOPLIST_FILE = BitcoinCoreTests/Info.plist;
				LD_RUNPATH_SEARCH_PATHS = (
					"$(inherited)",
					"@executable_path/Frameworks",
					"@loader_path/Frameworks",
				);
				PRODUCT_BUNDLE_IDENTIFIER = com.tangem.BitcoinCoreTests;
				PRODUCT_NAME = "$(TARGET_NAME)";
				SWIFT_VERSION = 5.0;
				TARGETED_DEVICE_FAMILY = "1,2";
			};
			name = Release;
		};
/* End XCBuildConfiguration section */

/* Begin XCConfigurationList section */
		5DF1A58B2577A01400B83D20 /* Build configuration list for PBXProject "BitcoinCore" */ = {
			isa = XCConfigurationList;
			buildConfigurations = (
				5DF1A5A32577A01500B83D20 /* Debug */,
				5DF1A5A42577A01500B83D20 /* Release */,
			);
			defaultConfigurationIsVisible = 0;
			defaultConfigurationName = Release;
		};
		5DF1A5A52577A01500B83D20 /* Build configuration list for PBXNativeTarget "BitcoinCore" */ = {
			isa = XCConfigurationList;
			buildConfigurations = (
				5DF1A5A62577A01500B83D20 /* Debug */,
				5DF1A5A72577A01500B83D20 /* Release */,
			);
			defaultConfigurationIsVisible = 0;
			defaultConfigurationName = Release;
		};
		5DF1A5A82577A01500B83D20 /* Build configuration list for PBXNativeTarget "BitcoinCoreTests" */ = {
			isa = XCConfigurationList;
			buildConfigurations = (
				5DF1A5A92577A01500B83D20 /* Debug */,
				5DF1A5AA2577A01500B83D20 /* Release */,
			);
			defaultConfigurationIsVisible = 0;
			defaultConfigurationName = Release;
		};
/* End XCConfigurationList section */
	};
	rootObject = 5DF1A5882577A01400B83D20 /* Project object */;
}
